
Microsoft Visual Studio Solution File, Format Version 12.00
# Visual Studio Version 17
VisualStudioVersion = 17.10.35027.167
MinimumVisualStudioVersion = 10.0.40219.1
Project("{FAE04EC0-301F-11D3-BF4B-00C04F79EFBC}") = "SchoolApi", "SchoolApi\SchoolApi.csproj", "{A4D1F874-F597-49F7-B65C-1E965D076E7A}"
EndProject
Project("{FAE04EC0-301F-11D3-BF4B-00C04F79EFBC}") = "SchoolApi.CoreLayer", "SchoolApi.CoreLayer\SchoolApi.CoreLayer.csproj", "{DB28B11B-A59A-4C0A-88A3-CA19011C7724}"
EndProject
Global
	GlobalSection(SolutionConfigurationPlatforms) = preSolution
		Debug|Any CPU = Debug|Any CPU
		Release|Any CPU = Release|Any CPU
	EndGlobalSection
	GlobalSection(ProjectConfigurationPlatforms) = postSolution
		{A4D1F874-F597-49F7-B65C-1E965D076E7A}.Debug|Any CPU.ActiveCfg = Debug|Any CPU
		{A4D1F874-F597-49F7-B65C-1E965D076E7A}.Debug|Any CPU.Build.0 = Debug|Any CPU
		{A4D1F874-F597-49F7-B65C-1E965D076E7A}.Release|Any CPU.ActiveCfg = Release|Any CPU
		{A4D1F874-F597-49F7-B65C-1E965D076E7A}.Release|Any CPU.Build.0 = Release|Any CPU
		{DB28B11B-A59A-4C0A-88A3-CA19011C7724}.Debug|Any CPU.ActiveCfg = Debug|Any CPU
		{DB28B11B-A59A-4C0A-88A3-CA19011C7724}.Debug|Any CPU.Build.0 = Debug|Any CPU
		{DB28B11B-A59A-4C0A-88A3-CA19011C7724}.Release|Any CPU.ActiveCfg = Release|Any CPU
		{DB28B11B-A59A-4C0A-88A3-CA19011C7724}.Release|Any CPU.Build.0 = Release|Any CPU
	EndGlobalSection
	GlobalSection(SolutionProperties) = preSolution
		HideSolutionNode = FALSE
	EndGlobalSection
	GlobalSection(ExtensibilityGlobals) = postSolution
		SolutionGuid = {B72B8F64-7E06-4CD2-989E-10501F4786D2}
	EndGlobalSection
EndGlobal
